PODS:
  - SQLite.swift (0.11.4):
    - SQLite.swift/standard (= 0.11.4)
  - SQLite.swift/standard (0.11.4)

DEPENDENCIES:
  - SQLite.swift (~> 0.11.4)

SPEC REPOS:
  https://github.com/CocoaPods/Specs.git:
    - SQLite.swift

SPEC CHECKSUMS:
  SQLite.swift: 3e3bee21da701b5b9f87c4a672cb54f233505692

PODFILE CHECKSUM: b629c601741547130ef709cc8d124f7d697db4d3

COCOAPODS: 1.5.0
